
Microsoft Visual Studio Solution File, Format Version 12.00
# Visual Studio Version 17
VisualStudioVersion = 17.0.31903.59
MinimumVisualStudioVersion = 10.0.40219.1
Project("{2150E333-8FDC-42A3-9474-1A3956D46DE8}") = "src", "src", "{DE29DEFE-90F9-4711-B4ED-1DC4328EF738}"
EndProject
Project("{FAE04EC0-301F-11D3-BF4B-00C04F79EFBC}") = "Peanuts.Woodstock.Web", "src\Peanuts.Woodstock.Web\Peanuts.Woodstock.Web.csproj", "{F149B8FA-51AA-4FDC-A805-26EAAA3E0A24}"
EndProject
Project("{FAE04EC0-301F-11D3-BF4B-00C04F79EFBC}") = "Peanuts.Woodstock.Infrastructure", "src\Peanuts.Woodstock.Infrastructure\Peanuts.Woodstock.Infrastructure.csproj", "{9BFDC51C-024B-4FFF-A055-A571A03BCF22}"
EndProject
Project("{FAE04EC0-301F-11D3-BF4B-00C04F79EFBC}") = "Peanuts.Woodstock.Domain", "src\Peanuts.Woodstock.Domain\Peanuts.Woodstock.Domain.csproj", "{DFA58E6A-8A29-40C0-AEFB-DEB081A80F4B}"
EndProject
Global
	GlobalSection(SolutionConfigurationPlatforms) = preSolution
		Debug|Any CPU = Debug|Any CPU
		Release|Any CPU = Release|Any CPU
	EndGlobalSection
	GlobalSection(SolutionProperties) = preSolution
		HideSolutionNode = FALSE
	EndGlobalSection
	GlobalSection(ProjectConfigurationPlatforms) = postSolution
		{F149B8FA-51AA-4FDC-A805-26EAAA3E0A24}.Debug|Any CPU.ActiveCfg = Debug|Any CPU
		{F149B8FA-51AA-4FDC-A805-26EAAA3E0A24}.Debug|Any CPU.Build.0 = Debug|Any CPU
		{F149B8FA-51AA-4FDC-A805-26EAAA3E0A24}.Release|Any CPU.ActiveCfg = Release|Any CPU
		{F149B8FA-51AA-4FDC-A805-26EAAA3E0A24}.Release|Any CPU.Build.0 = Release|Any CPU
		{9BFDC51C-024B-4FFF-A055-A571A03BCF22}.Debug|Any CPU.ActiveCfg = Debug|Any CPU
		{9BFDC51C-024B-4FFF-A055-A571A03BCF22}.Debug|Any CPU.Build.0 = Debug|Any CPU
		{9BFDC51C-024B-4FFF-A055-A571A03BCF22}.Release|Any CPU.ActiveCfg = Release|Any CPU
		{9BFDC51C-024B-4FFF-A055-A571A03BCF22}.Release|Any CPU.Build.0 = Release|Any CPU
		{DFA58E6A-8A29-40C0-AEFB-DEB081A80F4B}.Debug|Any CPU.ActiveCfg = Debug|Any CPU
		{DFA58E6A-8A29-40C0-AEFB-DEB081A80F4B}.Debug|Any CPU.Build.0 = Debug|Any CPU
		{DFA58E6A-8A29-40C0-AEFB-DEB081A80F4B}.Release|Any CPU.ActiveCfg = Release|Any CPU
		{DFA58E6A-8A29-40C0-AEFB-DEB081A80F4B}.Release|Any CPU.Build.0 = Release|Any CPU
	EndGlobalSection
	GlobalSection(NestedProjects) = preSolution
		{F149B8FA-51AA-4FDC-A805-26EAAA3E0A24} = {DE29DEFE-90F9-4711-B4ED-1DC4328EF738}
		{9BFDC51C-024B-4FFF-A055-A571A03BCF22} = {DE29DEFE-90F9-4711-B4ED-1DC4328EF738}
		{DFA58E6A-8A29-40C0-AEFB-DEB081A80F4B} = {DE29DEFE-90F9-4711-B4ED-1DC4328EF738}
	EndGlobalSection
EndGlobal
